Microsoft Visual Studio Solution File, Format Version 11.00
# Visual Studio 2008

Project("{0F83946E-0EEF-E014-8E80-947532D066BE}") = "Vyrus_Unity", "Assembly-CSharp-vs.csproj", "{533D1C2A-4802-57C0-8F37-260445590F74}"
EndProject
Global
	GlobalSection(SolutionConfigurationPlatforms) = preSolution
		Debug|Any CPU = Debug|Any CPU
		Release|Any CPU = Release|Any CPU
	EndGlobalSection
	GlobalSection(ProjectConfigurationPlatforms) = postSolution
		{533D1C2A-4802-57C0-8F37-260445590F74}.Debug|Any CPU.ActiveCfg = Debug|Any CPU
		{533D1C2A-4802-57C0-8F37-260445590F74}.Debug|Any CPU.Build.0 = Debug|Any CPU
		{533D1C2A-4802-57C0-8F37-260445590F74}.Release|Any CPU.ActiveCfg = Release|Any CPU
		{533D1C2A-4802-57C0-8F37-260445590F74}.Release|Any CPU.Build.0 = Release|Any CPU
	EndGlobalSection
	GlobalSection(SolutionProperties) = preSolution
		HideSolutionNode = FALSE
	EndGlobalSection
													GlobalSection(MonoDevelopProperties) = preSolution
		StartupItem = Assembly-CSharp.csproj
	EndGlobalSection

EndGlobal
